{"is_source_file": false, "format": "", "description": "", "external_files": [], "external_methods": [], "published": [], "classes": [], "methods": [], "calls": [], "search-terms": [], "state": 2, "file_id": 10, "knowledge_revision": 32, "git_revision": "a8db2e262634961fa850b88487426341da9f61ad", "hash": "e9b4c3b42cef0193b7fddb548d37e652", "format-version": 4, "code-base-name": "default", "filename": "openshop_explorer/post_process_status.lock", "revision_history": [{"32": "a8db2e262634961fa850b88487426341da9f61ad"}]}